{
  "R": {
    "Version": "4.5.3",
    "Repositories": [
      {
        "Name": "CRAN",
        "URL": "https://cloud.r-project.org"
      }
    ]
  },
  "Packages": {
    "DBI": {
      "Package": "DBI",
      "Version": "1.3.0",
      "Source": "Repository",
      "Repository": "CRAN",
      "Hash": "dbfa2adb83f8063640982459e153f650",
      "Requirements": []
    },
    "R6": {
      "Package": "R6",
      "Version": "2.6.1",
      "Source": "Repository",
      "Repository": "CRAN",
      "Hash": "d4335fe7207f1c01ab8c41762f5840d4",
      "Requirements": []
    },
    "RColorBrewer": {
      "Package": "RColorBrewer",
      "Version": "1.1-3",
      "Source": "Repository",
      "Repository": "CRAN",
      "Hash": "45f0398006e83a5b10b72a90663d8d8c",
      "Requirements": []
    },
    "S7": {
      "Package": "S7",
      "Version": "0.2.1",
      "Source": "Repository",
      "Repository": "CRAN",
      "Hash": "9da85950949574264f92f91f0e23de26",
      "Requirements": []
    },
    "askpass": {
      "Package": "askpass",
      "Version": "1.2.1",
      "Source": "Repository",
      "Repository": "CRAN",
      "Hash": "c39f4155b3ceb1a9a2799d700fbd4b6a",
      "Requirements": [
        "sys"
      ]
    },
    "backports": {
      "Package": "backports",
      "Version": "1.5.0",
      "Source": "Repository",
      "Repository": "CRAN",
      "Hash": "e1e1b9d75c37401117b636b7ae50827a",
      "Requirements": []
    },
    "base64enc": {
      "Package": "base64enc",
      "Version": "0.1-6",
      "Source": "Repository",
      "Repository": "CRAN",
      "Hash": "5edb675b7baa6e9a0d86dd2c28de1676",
      "Requirements": []
    },
    "bit": {
      "Package": "bit",
      "Version": "4.6.0",
      "Source": "Repository",
      "Repository": "CRAN",
      "Hash": "ebe86ffd194564abdc895d87742d5a29",
      "Requirements": []
    },
    "bit64": {
      "Package": "bit64",
      "Version": "4.6.0-1",
      "Source": "Repository",
      "Repository": "CRAN",
      "Hash": "4f572fbc586294afff277db583b9060f",
      "Requirements": [
        "bit"
      ]
    },
    "blob": {
      "Package": "blob",
      "Version": "1.3.0",
      "Source": "Repository",
      "Repository": "CRAN",
      "Hash": "1e0ae40898be928695fd90a80e816253",
      "Requirements": [
        "rlang",
        "vctrs"
      ]
    },
    "broom": {
      "Package": "broom",
      "Version": "1.0.12",
      "Source": "Repository",
      "Repository": "CRAN",
      "Hash": "6cf2f6757591ea712c57c5d7bedc3c27",
      "Requirements": [
        "backports",
        "cli",
        "dplyr",
        "generics",
        "glue",
        "lifecycle",
        "purrr",
        "rlang",
        "stringr",
        "tibble",
        "tidyr"
      ]
    },
    "bslib": {
      "Package": "bslib",
      "Version": "0.10.0",
      "Source": "Repository",
      "Repository": "CRAN",
      "Hash": "d6072fb96c4868d8cb40d4071cdc472b",
      "Requirements": [
        "base64enc",
        "cachem",
        "fastmap",
        "htmltools",
        "jquerylib",
        "jsonlite",
        "lifecycle",
        "memoise",
        "mime",
        "rlang",
        "sass"
      ]
    },
    "cachem": {
      "Package": "cachem",
      "Version": "1.1.0",
      "Source": "Repository",
      "Repository": "CRAN",
      "Hash": "cd9a672193789068eb5a2aad65a0dedf",
      "Requirements": [
        "fastmap",
        "rlang"
      ]
    },
    "callr": {
      "Package": "callr",
      "Version": "3.7.6",
      "Source": "Repository",
      "Repository": "CRAN",
      "Hash": "d7e13f49c19103ece9e58ad2d83a7354",
      "Requirements": [
        "R6",
        "processx"
      ]
    },
    "cellranger": {
      "Package": "cellranger",
      "Version": "1.1.0",
      "Source": "Repository",
      "Repository": "CRAN",
      "Hash": "f61dbaec772ccd2e17705c1e872e9e7c",
      "Requirements": [
        "rematch",
        "tibble"
      ]
    },
    "cli": {
      "Package": "cli",
      "Version": "3.6.5",
      "Source": "Repository",
      "Repository": "CRAN",
      "Hash": "16850760556401a2eeb27d39bd11c9cb",
      "Requirements": []
    },
    "clipr": {
      "Package": "clipr",
      "Version": "0.8.0",
      "Source": "Repository",
      "Repository": "CRAN",
      "Hash": "3f038e5ac7f41d4ac41ce658c85e3042",
      "Requirements": []
    },
    "conflicted": {
      "Package": "conflicted",
      "Version": "1.2.0",
      "Source": "Repository",
      "Repository": "CRAN",
      "Hash": "bb097fccb22d156624fd07cd2894ddb6",
      "Requirements": [
        "cli",
        "memoise",
        "rlang"
      ]
    },
    "cpp11": {
      "Package": "cpp11",
      "Version": "0.5.3",
      "Source": "Repository",
      "Repository": "CRAN",
      "Hash": "af5958631ca49510aff96d0f5c0bbb76",
      "Requirements": []
    },
    "crayon": {
      "Package": "crayon",
      "Version": "1.5.3",
      "Source": "Repository",
      "Repository": "CRAN",
      "Hash": "859d96e65ef198fd43e82b9628d593ef",
      "Requirements": []
    },
    "curl": {
      "Package": "curl",
      "Version": "7.0.0",
      "Source": "Repository",
      "Repository": "CRAN",
      "Hash": "aa27e963d3deccf4bade44d06b976977",
      "Requirements": []
    },
    "data.table": {
      "Package": "data.table",
      "Version": "1.18.2.1",
      "Source": "Repository",
      "Repository": "CRAN",
      "Hash": "df99cd4333ce592df5173d6ad39b5c14",
      "Requirements": []
    },
    "dbplyr": {
      "Package": "dbplyr",
      "Version": "2.5.2",
      "Source": "Repository",
      "Repository": "CRAN",
      "Hash": "751a4c05422caab7c7f74f10a94961fa",
      "Requirements": [
        "DBI",
        "R6",
        "blob",
        "cli",
        "dplyr",
        "glue",
        "lifecycle",
        "magrittr",
        "pillar",
        "purrr",
        "rlang",
        "tibble",
        "tidyr",
        "tidyselect",
        "vctrs",
        "withr"
      ]
    },
    "digest": {
      "Package": "digest",
      "Version": "0.6.39",
      "Source": "Repository",
      "Repository": "CRAN",
      "Hash": "d18028e978a88b2b16ef8d400cb49adf",
      "Requirements": []
    },
    "dplyr": {
      "Package": "dplyr",
      "Version": "1.2.0",
      "Source": "Repository",
      "Repository": "CRAN",
      "Hash": "71a469a5d5f9fdbf7de6c0dbeece0e22",
      "Requirements": [
        "R6",
        "cli",
        "generics",
        "glue",
        "lifecycle",
        "magrittr",
        "pillar",
        "rlang",
        "tibble",
        "tidyselect",
        "vctrs"
      ]
    },
    "dtplyr": {
      "Package": "dtplyr",
      "Version": "1.3.3",
      "Source": "Repository",
      "Repository": "CRAN",
      "Hash": "7f6db50cf8183cce63c06510fc74a318",
      "Requirements": [
        "cli",
        "data.table",
        "dplyr",
        "glue",
        "lifecycle",
        "rlang",
        "tibble",
        "tidyselect",
        "vctrs"
      ]
    },
    "evaluate": {
      "Package": "evaluate",
      "Version": "1.0.5",
      "Source": "Repository",
      "Repository": "CRAN",
      "Hash": "94cf2c54237f6841cee68e3ba4ab5a14",
      "Requirements": []
    },
    "farver": {
      "Package": "farver",
      "Version": "2.1.2",
      "Source": "Repository",
      "Repository": "CRAN",
      "Hash": "680887028577f3fa2a81e410ed0d6e42",
      "Requirements": []
    },
    "fastmap": {
      "Package": "fastmap",
      "Version": "1.2.0",
      "Source": "Repository",
      "Repository": "CRAN",
      "Hash": "aa5e1cd11c2d15497494c5292d7ffcc8",
      "Requirements": []
    },
    "fontawesome": {
      "Package": "fontawesome",
      "Version": "0.5.3",
      "Source": "Repository",
      "Repository": "CRAN",
      "Hash": "bd1297f9b5b1fc1372d19e2c4cd82215",
      "Requirements": [
        "htmltools",
        "rlang"
      ]
    },
    "forcats": {
      "Package": "forcats",
      "Version": "1.0.1",
      "Source": "Repository",
      "Repository": "CRAN",
      "Hash": "f884a14605c6a9eb01db676eee793ba7",
      "Requirements": [
        "cli",
        "glue",
        "lifecycle",
        "magrittr",
        "rlang",
        "tibble"
      ]
    },
    "fs": {
      "Package": "fs",
      "Version": "1.6.7",
      "Source": "Repository",
      "Repository": "CRAN",
      "Hash": "5940e9a672d097b8956b201fdbc53451",
      "Requirements": []
    },
    "gargle": {
      "Package": "gargle",
      "Version": "1.6.1",
      "Source": "Repository",
      "Repository": "CRAN",
      "Hash": "99e4f3f00be5075372bb650a3e237a71",
      "Requirements": [
        "cli",
        "fs",
        "glue",
        "httr",
        "jsonlite",
        "lifecycle",
        "openssl",
        "rappdirs",
        "rlang",
        "withr"
      ]
    },
    "generics": {
      "Package": "generics",
      "Version": "0.1.4",
      "Source": "Repository",
      "Repository": "CRAN",
      "Hash": "4b29bf698d0c7bdb9f1e4976e7ade41d",
      "Requirements": []
    },
    "ggplot2": {
      "Package": "ggplot2",
      "Version": "4.0.2",
      "Source": "Repository",
      "Repository": "CRAN",
      "Hash": "24744d322a00a520db329287bf02ce42",
      "Requirements": [
        "S7",
        "cli",
        "gtable",
        "isoband",
        "lifecycle",
        "rlang",
        "scales",
        "vctrs",
        "withr"
      ]
    },
    "glue": {
      "Package": "glue",
      "Version": "1.8.0",
      "Source": "Repository",
      "Repository": "CRAN",
      "Hash": "5899f1eaa825580172bb56c08266f37c",
      "Requirements": []
    },
    "googledrive": {
      "Package": "googledrive",
      "Version": "2.1.2",
      "Source": "Repository",
      "Repository": "CRAN",
      "Hash": "292be194aa519482c4b83f488a818ba3",
      "Requirements": [
        "cli",
        "gargle",
        "glue",
        "httr",
        "jsonlite",
        "lifecycle",
        "magrittr",
        "pillar",
        "purrr",
        "rlang",
        "tibble",
        "uuid",
        "vctrs",
        "withr"
      ]
    },
    "googlesheets4": {
      "Package": "googlesheets4",
      "Version": "1.1.2",
      "Source": "Repository",
      "Repository": "CRAN",
      "Hash": "376adbf359b416dbb30a76a2d2051ed5",
      "Requirements": [
        "cellranger",
        "cli",
        "curl",
        "gargle",
        "glue",
        "googledrive",
        "httr",
        "ids",
        "lifecycle",
        "magrittr",
        "purrr",
        "rematch2",
        "rlang",
        "tibble",
        "vctrs",
        "withr"
      ]
    },
    "gtable": {
      "Package": "gtable",
      "Version": "0.3.6",
      "Source": "Repository",
      "Repository": "CRAN",
      "Hash": "de949855009e2d4d0e52a844e30617ae",
      "Requirements": [
        "cli",
        "glue",
        "lifecycle",
        "rlang"
      ]
    },
    "haven": {
      "Package": "haven",
      "Version": "2.5.5",
      "Source": "Repository",
      "Repository": "CRAN",
      "Hash": "437bc7804f8ffdfcfed38d0aead6a9d7",
      "Requirements": [
        "cli",
        "cpp11",
        "forcats",
        "hms",
        "lifecycle",
        "readr",
        "rlang",
        "tibble",
        "tidyselect",
        "vctrs"
      ]
    },
    "highr": {
      "Package": "highr",
      "Version": "0.12",
      "Source": "Repository",
      "Repository": "CRAN",
      "Hash": "2a2f862ade01a56dcbcd60944de11255",
      "Requirements": [
        "xfun"
      ]
    },
    "hms": {
      "Package": "hms",
      "Version": "1.1.4",
      "Source": "Repository",
      "Repository": "CRAN",
      "Hash": "2799ac720626cec589478b191e48b88b",
      "Requirements": [
        "cli",
        "lifecycle",
        "pkgconfig",
        "rlang",
        "vctrs"
      ]
    },
    "htmltools": {
      "Package": "htmltools",
      "Version": "0.5.9",
      "Source": "Repository",
      "Repository": "CRAN",
      "Hash": "102298e238c14eb830cc4b5edd23c3e8",
      "Requirements": [
        "base64enc",
        "digest",
        "fastmap",
        "rlang"
      ]
    },
    "httr": {
      "Package": "httr",
      "Version": "1.4.8",
      "Source": "Repository",
      "Repository": "CRAN",
      "Hash": "10bcae7793493db63a6872096132e10c",
      "Requirements": [
        "R6",
        "curl",
        "jsonlite",
        "mime",
        "openssl"
      ]
    },
    "ids": {
      "Package": "ids",
      "Version": "1.0.1",
      "Source": "Repository",
      "Repository": "CRAN",
      "Hash": "99df65cfef20e525ed38c3d2577f7190",
      "Requirements": [
        "openssl",
        "uuid"
      ]
    },
    "isoband": {
      "Package": "isoband",
      "Version": "0.3.0",
      "Source": "Repository",
      "Repository": "CRAN",
      "Hash": "0f9a864bbd7ce0232ad05cb76249cc1a",
      "Requirements": [
        "cli",
        "cpp11",
        "rlang"
      ]
    },
    "jquerylib": {
      "Package": "jquerylib",
      "Version": "0.1.4",
      "Source": "Repository",
      "Repository": "CRAN",
      "Hash": "5aab57a3bd297eee1c1d862735972182",
      "Requirements": [
        "htmltools"
      ]
    },
    "jsonlite": {
      "Package": "jsonlite",
      "Version": "2.0.0",
      "Source": "Repository",
      "Repository": "CRAN",
      "Hash": "b0776f526d36d8bd4a3344a88fe165c4",
      "Requirements": []
    },
    "knitr": {
      "Package": "knitr",
      "Version": "1.51",
      "Source": "Repository",
      "Repository": "CRAN",
      "Hash": "27682babb50f03b6eb7939ea69ec79ca",
      "Requirements": [
        "evaluate",
        "highr",
        "xfun",
        "yaml"
      ]
    },
    "labeling": {
      "Package": "labeling",
      "Version": "0.4.3",
      "Source": "Repository",
      "Repository": "CRAN",
      "Hash": "b64ec208ac5bc1852b285f665d6368b3",
      "Requirements": []
    },
    "lifecycle": {
      "Package": "lifecycle",
      "Version": "1.0.5",
      "Source": "Repository",
      "Repository": "CRAN",
      "Hash": "36dbfe4fba6c064db50a671a90297c85",
      "Requirements": [
        "cli",
        "rlang"
      ]
    },
    "lubridate": {
      "Package": "lubridate",
      "Version": "1.9.5",
      "Source": "Repository",
      "Repository": "CRAN",
      "Hash": "07061b348d057e8ac86771e0eff36b62",
      "Requirements": [
        "generics",
        "timechange"
      ]
    },
    "magrittr": {
      "Package": "magrittr",
      "Version": "2.0.4",
      "Source": "Repository",
      "Repository": "CRAN",
      "Hash": "8b3b213aa0c54a0dec254288ccb545d1",
      "Requirements": []
    },
    "memoise": {
      "Package": "memoise",
      "Version": "2.0.1",
      "Source": "Repository",
      "Repository": "CRAN",
      "Hash": "e2817ccf4a065c5d9d7f2cfbe7c1d78c",
      "Requirements": [
        "cachem",
        "rlang"
      ]
    },
    "mime": {
      "Package": "mime",
      "Version": "0.13",
      "Source": "Repository",
      "Repository": "CRAN",
      "Hash": "0ec19f34c72fab674d8f2b4b1c6410e1",
      "Requirements": []
    },
    "modelr": {
      "Package": "modelr",
      "Version": "0.1.11",
      "Source": "Repository",
      "Repository": "CRAN",
      "Hash": "4f50122dc256b1b6996a4703fecea821",
      "Requirements": [
        "broom",
        "magrittr",
        "purrr",
        "rlang",
        "tibble",
        "tidyr",
        "tidyselect",
        "vctrs"
      ]
    },
    "openssl": {
      "Package": "openssl",
      "Version": "2.3.5",
      "Source": "Repository",
      "Repository": "CRAN",
      "Hash": "cfb0063e43e91f0fb8114b4cacbc0943",
      "Requirements": [
        "askpass"
      ]
    },
    "pillar": {
      "Package": "pillar",
      "Version": "1.11.1",
      "Source": "Repository",
      "Repository": "CRAN",
      "Hash": "1395e64f2689ffd503657778e810cee2",
      "Requirements": [
        "cli",
        "glue",
        "lifecycle",
        "rlang",
        "utf8",
        "vctrs"
      ]
    },
    "pkgconfig": {
      "Package": "pkgconfig",
      "Version": "2.0.3",
      "Source": "Repository",
      "Repository": "CRAN",
      "Hash": "01f28d4278f15c76cddbea05899c5d6f",
      "Requirements": []
    },
    "prettyunits": {
      "Package": "prettyunits",
      "Version": "1.2.0",
      "Source": "Repository",
      "Repository": "CRAN",
      "Hash": "6b01fc98b1e86c4f705ce9dcfd2f57c7",
      "Requirements": []
    },
    "processx": {
      "Package": "processx",
      "Version": "3.8.6",
      "Source": "Repository",
      "Repository": "CRAN",
      "Hash": "720161b280b0a35f4d1490ead2fe81d0",
      "Requirements": [
        "R6",
        "ps"
      ]
    },
    "progress": {
      "Package": "progress",
      "Version": "1.2.3",
      "Source": "Repository",
      "Repository": "CRAN",
      "Hash": "f4625e061cb2865f111b47ff163a5ca6",
      "Requirements": [
        "R6",
        "crayon",
        "hms",
        "prettyunits"
      ]
    },
    "ps": {
      "Package": "ps",
      "Version": "1.9.1",
      "Source": "Repository",
      "Repository": "CRAN",
      "Hash": "093688087b0bacce6ba2f661f36328e2",
      "Requirements": []
    },
    "purrr": {
      "Package": "purrr",
      "Version": "1.2.1",
      "Source": "Repository",
      "Repository": "CRAN",
      "Hash": "0154ac5b9ef4df1a7be3a54602e781cf",
      "Requirements": [
        "cli",
        "lifecycle",
        "magrittr",
        "rlang",
        "vctrs"
      ]
    },
    "ragg": {
      "Package": "ragg",
      "Version": "1.5.1",
      "Source": "Repository",
      "Repository": "CRAN",
      "Hash": "be139d96b8fa66f90b10988d96edc71b",
      "Requirements": [
        "systemfonts",
        "textshaping"
      ]
    },
    "rappdirs": {
      "Package": "rappdirs",
      "Version": "0.3.4",
      "Source": "Repository",
      "Repository": "CRAN",
      "Hash": "f146a5bfc94db048309712535d4d0aee",
      "Requirements": []
    },
    "readr": {
      "Package": "readr",
      "Version": "2.2.0",
      "Source": "Repository",
      "Repository": "CRAN",
      "Hash": "4425ad9e28b8e3351184ca2739995b87",
      "Requirements": [
        "R6",
        "cli",
        "clipr",
        "cpp11",
        "crayon",
        "glue",
        "hms",
        "lifecycle",
        "rlang",
        "tibble",
        "tzdb",
        "vroom",
        "withr"
      ]
    },
    "readxl": {
      "Package": "readxl",
      "Version": "1.4.5",
      "Source": "Repository",
      "Repository": "CRAN",
      "Hash": "18948de59f05d38a44d3e5065a76b4b6",
      "Requirements": [
        "cellranger",
        "cpp11",
        "progress",
        "tibble"
      ]
    },
    "rematch": {
      "Package": "rematch",
      "Version": "2.0.0",
      "Source": "Repository",
      "Repository": "CRAN",
      "Hash": "cbff1b666c6fa6d21202f07e2318d4f1",
      "Requirements": []
    },
    "rematch2": {
      "Package": "rematch2",
      "Version": "2.1.2",
      "Source": "Repository",
      "Repository": "CRAN",
      "Hash": "76c9e04c712a05848ae7a23d2f170a40",
      "Requirements": [
        "tibble"
      ]
    },
    "renv": {
      "Package": "renv",
      "Version": "1.1.8",
      "Source": "Repository",
      "Repository": "CRAN",
      "Hash": "cbffd086c66739a0fdaac7a30b4aa65c",
      "Requirements": []
    },
    "reprex": {
      "Package": "reprex",
      "Version": "2.1.1",
      "Source": "Repository",
      "Repository": "CRAN",
      "Hash": "97b1d5361a24d9fb588db7afe3e5bcbf",
      "Requirements": [
        "callr",
        "cli",
        "clipr",
        "fs",
        "glue",
        "knitr",
        "lifecycle",
        "rlang",
        "rmarkdown",
        "rstudioapi",
        "withr"
      ]
    },
    "rlang": {
      "Package": "rlang",
      "Version": "1.1.7",
      "Source": "Repository",
      "Repository": "CRAN",
      "Hash": "34c0d101f4613098abc538b82e0d86c5",
      "Requirements": []
    },
    "rmarkdown": {
      "Package": "rmarkdown",
      "Version": "2.30",
      "Source": "Repository",
      "Repository": "CRAN",
      "Hash": "efe19db0fde0fff13cea7eec6f695021",
      "Requirements": [
        "bslib",
        "evaluate",
        "fontawesome",
        "htmltools",
        "jquerylib",
        "jsonlite",
        "knitr",
        "tinytex",
        "xfun",
        "yaml"
      ]
    },
    "rstudioapi": {
      "Package": "rstudioapi",
      "Version": "0.18.0",
      "Source": "Repository",
      "Repository": "CRAN",
      "Hash": "d6e1ecf8e39b6d53c8acde372b2f92d1",
      "Requirements": []
    },
    "rvest": {
      "Package": "rvest",
      "Version": "1.0.5",
      "Source": "Repository",
      "Repository": "CRAN",
      "Hash": "2804ddcd7737082306c559d919886546",
      "Requirements": [
        "cli",
        "glue",
        "httr",
        "lifecycle",
        "magrittr",
        "rlang",
        "selectr",
        "tibble",
        "xml2"
      ]
    },
    "sass": {
      "Package": "sass",
      "Version": "0.4.10",
      "Source": "Repository",
      "Repository": "CRAN",
      "Hash": "3fb78d066fb92299b1d13f6a7c9a90a8",
      "Requirements": [
        "R6",
        "fs",
        "htmltools",
        "rappdirs",
        "rlang"
      ]
    },
    "scales": {
      "Package": "scales",
      "Version": "1.4.0",
      "Source": "Repository",
      "Repository": "CRAN",
      "Hash": "c5bba8f0d1df8c4b9538a40570798d9b",
      "Requirements": [
        "R6",
        "RColorBrewer",
        "cli",
        "farver",
        "glue",
        "labeling",
        "lifecycle",
        "rlang",
        "viridisLite"
      ]
    },
    "selectr": {
      "Package": "selectr",
      "Version": "0.5-1",
      "Source": "Repository",
      "Repository": "CRAN",
      "Hash": "fb6f4aacfcc16539458c66b698339e69",
      "Requirements": [
        "R6",
        "stringr"
      ]
    },
    "stringi": {
      "Package": "stringi",
      "Version": "1.8.7",
      "Source": "Repository",
      "Repository": "CRAN",
      "Hash": "2b56088e23bdd58f89aebf43a0913457",
      "Requirements": []
    },
    "stringr": {
      "Package": "stringr",
      "Version": "1.6.0",
      "Source": "Repository",
      "Repository": "CRAN",
      "Hash": "d47392652eedc68bf916657347ff2526",
      "Requirements": [
        "cli",
        "glue",
        "lifecycle",
        "magrittr",
        "rlang",
        "stringi",
        "vctrs"
      ]
    },
    "sys": {
      "Package": "sys",
      "Version": "3.4.3",
      "Source": "Repository",
      "Repository": "CRAN",
      "Hash": "de342ebfebdbf40477d0758d05426646",
      "Requirements": []
    },
    "systemfonts": {
      "Package": "systemfonts",
      "Version": "1.3.2",
      "Source": "Repository",
      "Repository": "CRAN",
      "Hash": "1f930828d6590af5da47b3ab4fe161e6",
      "Requirements": [
        "base64enc",
        "cpp11",
        "jsonlite",
        "lifecycle"
      ]
    },
    "textshaping": {
      "Package": "textshaping",
      "Version": "1.0.5",
      "Source": "Repository",
      "Repository": "CRAN",
      "Hash": "addb750a886a2ac415dea6f8068867de",
      "Requirements": [
        "cpp11",
        "lifecycle",
        "stringi",
        "systemfonts"
      ]
    },
    "tibble": {
      "Package": "tibble",
      "Version": "3.3.1",
      "Source": "Repository",
      "Repository": "CRAN",
      "Hash": "c55df870972551cac674b50cadb2d51f",
      "Requirements": [
        "cli",
        "lifecycle",
        "magrittr",
        "pillar",
        "pkgconfig",
        "rlang",
        "vctrs"
      ]
    },
    "tidyr": {
      "Package": "tidyr",
      "Version": "1.3.2",
      "Source": "Repository",
      "Repository": "CRAN",
      "Hash": "a4fa2f5876396f04814cb9d8d9ab89e9",
      "Requirements": [
        "cli",
        "cpp11",
        "dplyr",
        "glue",
        "lifecycle",
        "magrittr",
        "purrr",
        "rlang",
        "stringr",
        "tibble",
        "tidyselect",
        "vctrs"
      ]
    },
    "tidyselect": {
      "Package": "tidyselect",
      "Version": "1.2.1",
      "Source": "Repository",
      "Repository": "CRAN",
      "Hash": "829f27b9c4919c16b593794a6344d6c0",
      "Requirements": [
        "cli",
        "glue",
        "lifecycle",
        "rlang",
        "vctrs",
        "withr"
      ]
    },
    "tidyverse": {
      "Package": "tidyverse",
      "Version": "2.0.0",
      "Source": "Repository",
      "Repository": "CRAN",
      "Hash": "c328568cd14ea89a83bd4ca7f54ae07e",
      "Requirements": [
        "broom",
        "cli",
        "conflicted",
        "dbplyr",
        "dplyr",
        "dtplyr",
        "forcats",
        "ggplot2",
        "googledrive",
        "googlesheets4",
        "haven",
        "hms",
        "httr",
        "jsonlite",
        "lubridate",
        "magrittr",
        "modelr",
        "pillar",
        "purrr",
        "ragg",
        "readr",
        "readxl",
        "reprex",
        "rlang",
        "rstudioapi",
        "rvest",
        "stringr",
        "tibble",
        "tidyr",
        "xml2"
      ]
    },
    "timechange": {
      "Package": "timechange",
      "Version": "0.4.0",
      "Source": "Repository",
      "Repository": "CRAN",
      "Hash": "39c40cb1ad47a4cc384a34a22a29463f",
      "Requirements": [
        "cpp11"
      ]
    },
    "tinytex": {
      "Package": "tinytex",
      "Version": "0.58",
      "Source": "Repository",
      "Repository": "CRAN",
      "Hash": "03af3ad04817f3019de8ee5c73dab807",
      "Requirements": [
        "xfun"
      ]
    },
    "tzdb": {
      "Package": "tzdb",
      "Version": "0.5.0",
      "Source": "Repository",
      "Repository": "CRAN",
      "Hash": "09e3961e87b7bafa4a9340bbb34aeda8",
      "Requirements": [
        "cpp11"
      ]
    },
    "utf8": {
      "Package": "utf8",
      "Version": "1.2.6",
      "Source": "Repository",
      "Repository": "CRAN",
      "Hash": "d526d558be176e9ceb68c3d1e83479b7",
      "Requirements": []
    },
    "uuid": {
      "Package": "uuid",
      "Version": "1.2-2",
      "Source": "Repository",
      "Repository": "CRAN",
      "Hash": "528fc9e90d70a6a115e21164f37b2c64",
      "Requirements": []
    },
    "vctrs": {
      "Package": "vctrs",
      "Version": "0.7.1",
      "Source": "Repository",
      "Repository": "CRAN",
      "Hash": "c64e64d93489bb62bb8747bbb9e06c09",
      "Requirements": [
        "cli",
        "glue",
        "lifecycle",
        "rlang"
      ]
    },
    "viridisLite": {
      "Package": "viridisLite",
      "Version": "0.4.3",
      "Source": "Repository",
      "Repository": "CRAN",
      "Hash": "9380d36888b72faf5ae6c22b44703867",
      "Requirements": []
    },
    "vroom": {
      "Package": "vroom",
      "Version": "1.7.0",
      "Source": "Repository",
      "Repository": "CRAN",
      "Hash": "255cb6f090718455ff89cbc28cb5eea7",
      "Requirements": [
        "bit64",
        "cli",
        "cpp11",
        "crayon",
        "glue",
        "hms",
        "lifecycle",
        "progress",
        "rlang",
        "tibble",
        "tidyselect",
        "tzdb",
        "vctrs",
        "withr"
      ]
    },
    "withr": {
      "Package": "withr",
      "Version": "3.0.2",
      "Source": "Repository",
      "Repository": "CRAN",
      "Hash": "cc2d62c76458d425210d1eb1478b30b4",
      "Requirements": []
    },
    "xfun": {
      "Package": "xfun",
      "Version": "0.56",
      "Source": "Repository",
      "Repository": "CRAN",
      "Hash": "f1f18d352a39c6252932da4faa029cdd",
      "Requirements": []
    },
    "xml2": {
      "Package": "xml2",
      "Version": "1.5.2",
      "Source": "Repository",
      "Repository": "CRAN",
      "Hash": "d8e98d08a4a4d03f5052acc6e6204b99",
      "Requirements": [
        "cli",
        "rlang"
      ]
    },
    "yaml": {
      "Package": "yaml",
      "Version": "2.3.12",
      "Source": "Repository",
      "Repository": "CRAN",
      "Hash": "7cd77cb32abd9220d744307e9fc94ffb",
      "Requirements": []
    }
  }
}
